
Microsoft Visual Studio Solution File, Format Version 10.00
# Visual Studio 2008
Project("{73443E56-3503-11DE-B03D-001DBA02A2FC}") = "Javadoc2Haxe", "Javadoc2Haxe.hxproj", "{50F9B0EB-B085-4E9E-9FB7-F02FC19379D4}"
EndProject
Global
	GlobalSection(SolutionConfigurationPlatforms) = preSolution
		Debug|Any CPU = Debug|Any CPU
		Release|Any CPU = Release|Any CPU
	EndGlobalSection
	GlobalSection(ProjectConfigurationPlatforms) = postSolution
		{50F9B0EB-B085-4E9E-9FB7-F02FC19379D4}.Debug|Any CPU.ActiveCfg = Debug|Any CPU
		{50F9B0EB-B085-4E9E-9FB7-F02FC19379D4}.Debug|Any CPU.Build.0 = Debug|Any CPU
		{50F9B0EB-B085-4E9E-9FB7-F02FC19379D4}.Release|Any CPU.ActiveCfg = Release|Any CPU
		{50F9B0EB-B085-4E9E-9FB7-F02FC19379D4}.Release|Any CPU.Build.0 = Release|Any CPU
	EndGlobalSection
	GlobalSection(MonoDevelopProperties) = preSolution
		StartupItem = Javadoc2Haxe.hxproj
	EndGlobalSection
EndGlobal
